
Microsoft Visual Studio Solution File, Format Version 12.00
# Visual Studio Version 17
VisualStudioVersion = 17.14.36518.9
MinimumVisualStudioVersion = 10.0.40219.1
Project("{FAE04EC0-301F-11D3-BF4B-00C04F79EFBC}") = "HealthCheckService", "HealthCheckService\HealthCheckService.csproj", "{8BB1C31A-09E5-4F48-9091-DCE193ECF02D}"
EndProject
Project("{FAE04EC0-301F-11D3-BF4B-00C04F79EFBC}") = "HealthCheckService.Telemetry", "HealthCheckService.Telemetry\HealthCheckService.Telemetry.csproj", "{2321273E-6941-44BA-93CA-977B81FDB261}"
EndProject
Global
	GlobalSection(SolutionConfigurationPlatforms) = preSolution
		Debug|Any CPU = Debug|Any CPU
		Release|Any CPU = Release|Any CPU
	EndGlobalSection
	GlobalSection(ProjectConfigurationPlatforms) = postSolution
		{8BB1C31A-09E5-4F48-9091-DCE193ECF02D}.Debug|Any CPU.ActiveCfg = Debug|Any CPU
		{8BB1C31A-09E5-4F48-9091-DCE193ECF02D}.Debug|Any CPU.Build.0 = Debug|Any CPU
		{8BB1C31A-09E5-4F48-9091-DCE193ECF02D}.Release|Any CPU.ActiveCfg = Release|Any CPU
		{8BB1C31A-09E5-4F48-9091-DCE193ECF02D}.Release|Any CPU.Build.0 = Release|Any CPU
		{2321273E-6941-44BA-93CA-977B81FDB261}.Debug|Any CPU.ActiveCfg = Debug|Any CPU
		{2321273E-6941-44BA-93CA-977B81FDB261}.Debug|Any CPU.Build.0 = Debug|Any CPU
		{2321273E-6941-44BA-93CA-977B81FDB261}.Release|Any CPU.ActiveCfg = Release|Any CPU
		{2321273E-6941-44BA-93CA-977B81FDB261}.Release|Any CPU.Build.0 = Release|Any CPU
	EndGlobalSection
	GlobalSection(SolutionProperties) = preSolution
		HideSolutionNode = FALSE
	EndGlobalSection
	GlobalSection(ExtensibilityGlobals) = postSolution
		SolutionGuid = {7C8A5710-4358-4CD3-88EC-2FB8D02B96AF}
	EndGlobalSection
EndGlobal
